
Microsoft Visual Studio Solution File, Format Version 12.00
# Visual Studio Version 17
VisualStudioVersion = 17.0.31903.59
MinimumVisualStudioVersion = 10.0.40219.1
Project("{FAE04EC0-301F-11D3-BF4B-00C04F79EFBC}") = "AdvancedFileHandling", "AdvancedFileHandling.csproj", "{8479F71F-F716-4A9D-9DA8-38FA22A2647D}"
EndProject
Global
	GlobalSection(SolutionConfigurationPlatforms) = preSolution
		Debug|Any CPU = Debug|Any CPU
		Release|Any CPU = Release|Any CPU
	EndGlobalSection
	GlobalSection(SolutionProperties) = preSolution
		HideSolutionNode = FALSE
	EndGlobalSection
	GlobalSection(ProjectConfigurationPlatforms) = postSolution
		{8479F71F-F716-4A9D-9DA8-38FA22A2647D}.Debug|Any CPU.ActiveCfg = Debug|Any CPU
		{8479F71F-F716-4A9D-9DA8-38FA22A2647D}.Debug|Any CPU.Build.0 = Debug|Any CPU
		{8479F71F-F716-4A9D-9DA8-38FA22A2647D}.Release|Any CPU.ActiveCfg = Release|Any CPU
		{8479F71F-F716-4A9D-9DA8-38FA22A2647D}.Release|Any CPU.Build.0 = Release|Any CPU
	EndGlobalSection
EndGlobal
