
Microsoft Visual Studio Solution File, Format Version 12.00
# Visual Studio Version 17
VisualStudioVersion = 17.6.33712.159
MinimumVisualStudioVersion = 10.0.40219.1
Project("{9A19103F-16F7-4668-BE54-9A1E7A4F7556}") = "PageViewsFrequency", "PageViewsFrequency\PageViewsFrequency.csproj", "{373D455C-98B2-4ED7-9779-35B6AE968C60}"
EndProject
Project("{FAE04EC0-301F-11D3-BF4B-00C04F79EFBC}") = "PageViewsFrequency_NETFramework4.8", "PageViewsFrequency_NETFramework4.8\PageViewsFrequency_NETFramework4.8.csproj", "{0C440378-B8B2-48BF-AD8C-52987287BD62}"
EndProject
Global
	GlobalSection(SolutionConfigurationPlatforms) = preSolution
		Debug|Any CPU = Debug|Any CPU
		Release|Any CPU = Release|Any CPU
	EndGlobalSection
	GlobalSection(ProjectConfigurationPlatforms) = postSolution
		{373D455C-98B2-4ED7-9779-35B6AE968C60}.Debug|Any CPU.ActiveCfg = Debug|Any CPU
		{373D455C-98B2-4ED7-9779-35B6AE968C60}.Debug|Any CPU.Build.0 = Debug|Any CPU
		{373D455C-98B2-4ED7-9779-35B6AE968C60}.Release|Any CPU.ActiveCfg = Release|Any CPU
		{373D455C-98B2-4ED7-9779-35B6AE968C60}.Release|Any CPU.Build.0 = Release|Any CPU
		{0C440378-B8B2-48BF-AD8C-52987287BD62}.Debug|Any CPU.ActiveCfg = Debug|Any CPU
		{0C440378-B8B2-48BF-AD8C-52987287BD62}.Debug|Any CPU.Build.0 = Debug|Any CPU
		{0C440378-B8B2-48BF-AD8C-52987287BD62}.Release|Any CPU.ActiveCfg = Release|Any CPU
		{0C440378-B8B2-48BF-AD8C-52987287BD62}.Release|Any CPU.Build.0 = Release|Any CPU
	EndGlobalSection
	GlobalSection(SolutionProperties) = preSolution
		HideSolutionNode = FALSE
	EndGlobalSection
	GlobalSection(ExtensibilityGlobals) = postSolution
		SolutionGuid = {6C2A3527-BBFE-49B7-B4D9-8587B1191E6E}
	EndGlobalSection
EndGlobal
