
Microsoft Visual Studio Solution File, Format Version 12.00
# Visual Studio Version 17
VisualStudioVersion = 17.5.33502.453
MinimumVisualStudioVersion = 10.0.40219.1
Project("{9A19103F-16F7-4668-BE54-9A1E7A4F7556}") = "Classes-OOP", "Classes-OOP.csproj", "{BB35521A-8B8A-40E4-9B67-BA82D9961AE0}"
EndProject
Global
	GlobalSection(SolutionConfigurationPlatforms) = preSolution
		Debug|Any CPU = Debug|Any CPU
		Release|Any CPU = Release|Any CPU
	EndGlobalSection
	GlobalSection(ProjectConfigurationPlatforms) = postSolution
		{BB35521A-8B8A-40E4-9B67-BA82D9961AE0}.Debug|Any CPU.ActiveCfg = Debug|Any CPU
		{BB35521A-8B8A-40E4-9B67-BA82D9961AE0}.Debug|Any CPU.Build.0 = Debug|Any CPU
		{BB35521A-8B8A-40E4-9B67-BA82D9961AE0}.Release|Any CPU.ActiveCfg = Release|Any CPU
		{BB35521A-8B8A-40E4-9B67-BA82D9961AE0}.Release|Any CPU.Build.0 = Release|Any CPU
	EndGlobalSection
	GlobalSection(SolutionProperties) = preSolution
		HideSolutionNode = FALSE
	EndGlobalSection
	GlobalSection(ExtensibilityGlobals) = postSolution
		SolutionGuid = {09FF9A8F-49D1-419B-A1F7-FA0D3716A6D1}
	EndGlobalSection
EndGlobal
