
Microsoft Visual Studio Solution File, Format Version 12.00
# Visual Studio Version 17
VisualStudioVersion = 17.6.33712.159
MinimumVisualStudioVersion = 10.0.40219.1
Project("{9A19103F-16F7-4668-BE54-9A1E7A4F7556}") = "BankAccountCoreLib", "BankAccountCoreLib\BankAccountCoreLib.csproj", "{4D07DD49-7101-4CC2-AB09-1D1C1C9ECE07}"
EndProject
Project("{9A19103F-16F7-4668-BE54-9A1E7A4F7556}") = "Classes-OOP", "Classes-OOP\Classes-OOP.csproj", "{6C78B2B4-E1A4-40D1-AE8A-8F3D587FE2EC}"
EndProject
Project("{FAE04EC0-301F-11D3-BF4B-00C04F79EFBC}") = "BankAccountTests", "BankAccountTests\BankAccountTests.csproj", "{0664BE27-1776-4C8E-B4ED-3125EDFE42FD}"
EndProject
Global
	GlobalSection(SolutionConfigurationPlatforms) = preSolution
		Debug|Any CPU = Debug|Any CPU
		Release|Any CPU = Release|Any CPU
	EndGlobalSection
	GlobalSection(ProjectConfigurationPlatforms) = postSolution
		{4D07DD49-7101-4CC2-AB09-1D1C1C9ECE07}.Debug|Any CPU.ActiveCfg = Debug|Any CPU
		{4D07DD49-7101-4CC2-AB09-1D1C1C9ECE07}.Debug|Any CPU.Build.0 = Debug|Any CPU
		{4D07DD49-7101-4CC2-AB09-1D1C1C9ECE07}.Release|Any CPU.ActiveCfg = Release|Any CPU
		{4D07DD49-7101-4CC2-AB09-1D1C1C9ECE07}.Release|Any CPU.Build.0 = Release|Any CPU
		{6C78B2B4-E1A4-40D1-AE8A-8F3D587FE2EC}.Debug|Any CPU.ActiveCfg = Debug|Any CPU
		{6C78B2B4-E1A4-40D1-AE8A-8F3D587FE2EC}.Debug|Any CPU.Build.0 = Debug|Any CPU
		{6C78B2B4-E1A4-40D1-AE8A-8F3D587FE2EC}.Release|Any CPU.ActiveCfg = Release|Any CPU
		{6C78B2B4-E1A4-40D1-AE8A-8F3D587FE2EC}.Release|Any CPU.Build.0 = Release|Any CPU
		{0664BE27-1776-4C8E-B4ED-3125EDFE42FD}.Debug|Any CPU.ActiveCfg = Debug|Any CPU
		{0664BE27-1776-4C8E-B4ED-3125EDFE42FD}.Debug|Any CPU.Build.0 = Debug|Any CPU
		{0664BE27-1776-4C8E-B4ED-3125EDFE42FD}.Release|Any CPU.ActiveCfg = Release|Any CPU
		{0664BE27-1776-4C8E-B4ED-3125EDFE42FD}.Release|Any CPU.Build.0 = Release|Any CPU
	EndGlobalSection
	GlobalSection(SolutionProperties) = preSolution
		HideSolutionNode = FALSE
	EndGlobalSection
	GlobalSection(ExtensibilityGlobals) = postSolution
		SolutionGuid = {38A6C6A6-1590-44F1-83E0-455378A78E74}
	EndGlobalSection
EndGlobal
