
Microsoft Visual Studio Solution File, Format Version 12.00
# Visual Studio Version 17
VisualStudioVersion = 17.7.34031.279
MinimumVisualStudioVersion = 10.0.40219.1
Project("{FAE04EC0-301F-11D3-BF4B-00C04F79EFBC}") = "PasswordCheckerNET6", "PasswordCheckerNET6.csproj", "{B887B5C4-BDC3-4C1B-B543-10BBA585D497}"
EndProject
Project("{FAE04EC0-301F-11D3-BF4B-00C04F79EFBC}") = "PasswordCheckerTest", "..\PasswordCheckerTest\PasswordCheckerTest.csproj", "{1E706657-C1B3-492F-A0E0-8DACE4B104B1}"
EndProject
Global
	GlobalSection(SolutionConfigurationPlatforms) = preSolution
		Debug|Any CPU = Debug|Any CPU
		Release|Any CPU = Release|Any CPU
	EndGlobalSection
	GlobalSection(ProjectConfigurationPlatforms) = postSolution
		{B887B5C4-BDC3-4C1B-B543-10BBA585D497}.Debug|Any CPU.ActiveCfg = Debug|Any CPU
		{B887B5C4-BDC3-4C1B-B543-10BBA585D497}.Debug|Any CPU.Build.0 = Debug|Any CPU
		{B887B5C4-BDC3-4C1B-B543-10BBA585D497}.Release|Any CPU.ActiveCfg = Release|Any CPU
		{B887B5C4-BDC3-4C1B-B543-10BBA585D497}.Release|Any CPU.Build.0 = Release|Any CPU
		{1E706657-C1B3-492F-A0E0-8DACE4B104B1}.Debug|Any CPU.ActiveCfg = Debug|Any CPU
		{1E706657-C1B3-492F-A0E0-8DACE4B104B1}.Debug|Any CPU.Build.0 = Debug|Any CPU
		{1E706657-C1B3-492F-A0E0-8DACE4B104B1}.Release|Any CPU.ActiveCfg = Release|Any CPU
		{1E706657-C1B3-492F-A0E0-8DACE4B104B1}.Release|Any CPU.Build.0 = Release|Any CPU
	EndGlobalSection
	GlobalSection(SolutionProperties) = preSolution
		HideSolutionNode = FALSE
	EndGlobalSection
	GlobalSection(ExtensibilityGlobals) = postSolution
		SolutionGuid = {0744638E-C5E3-4372-B773-007A9E774ADC}
	EndGlobalSection
EndGlobal
